{
    "_meta": {
        "hash": {
            "sha256": "07f34816f4a6a2aa4fef3de343660379813a34780e5d73641a0ae2f7fb47a201"
        },
        "pipfile-spec": 6,
        "requires": {
            "python_version": "3.8"
        },
        "sources": [
            {
                "name": "pypi",
                "url": "https://pypi.org/simple",
                "verify_ssl": true
            }
        ]
    },
    "default": {
        "pytube": {
            "hashes": [
                "sha256:47643a6ff553cbc4d6be748ff14c9c45f79984e15005adff25d62b18110abe43",
                "sha256:d4dfea7394d7662edac3831432b349b2afac984e0d0bc4bdb611ec1f3fc16318"
            ],
            "index": "pypi",
            "version": "==11.0.1"
        },
        "tk": {
            "hashes": [
                "sha256:60bc8923d5d35f67f5c6bd93d4f0c49d2048114ec077768f959aef36d4ed97f8",
                "sha256:703a69ff0d5ba2bd2f7440582ad10160e4a6561595d33457dc6caa79b9bf4930"
            ],
            "index": "pypi",
            "version": "==0.1.0"
        }
    },
    "develop": {}
}
